// !$*UTF8*$!
{
	archiveVersion = 1;
	classes = {
	};
	objectVersion = 50;
	objects = {

/* Begin PBXBuildFile section */
		516AECAF266F43040082461F /* AppDelegate.swift in Sources */ = {isa = PBXBuildFile; fileRef = 516AECAE266F43040082461F /* AppDelegate.swift */; };
		516AECB1266F43040082461F /* SceneDelegate.swift in Sources */ = {isa = PBXBuildFile; fileRef = 516AECB0266F43040082461F /* SceneDelegate.swift */; };
		516AECB3266F43040082461F /* ViewController.swift in Sources */ = {isa = PBXBuildFile; fileRef = 516AECB2266F43040082461F /* ViewController.swift */; };
		516AECB6266F43040082461F /* Main.storyboard in Resources */ = {isa = PBXBuildFile; fileRef = 516AECB4266F43040082461F /* Main.storyboard */; };
		516AECB8266F43050082461F /* Assets.xcassets in Resources */ = {isa = PBXBuildFile; fileRef = 516AECB7266F43050082461F /* Assets.xcassets */; };
		516AECBB266F43050082461F /* LaunchScreen.storyboard in Resources */ = {isa = PBXBuildFile; fileRef = 516AECB9266F43050082461F /* LaunchScreen.storyboard */; };
		516AECC3266F45310082461F /* HeaderTableViewCell.swift in Sources */ = {isa = PBXBuildFile; fileRef = 516AECC2266F45310082461F /* HeaderTableViewCell.swift */; };
		516AECC5266F45400082461F /* SubTableViewCell.swift in Sources */ = {isa = PBXBuildFile; fileRef = 516AECC4266F45400082461F /* SubTableViewCell.swift */; };
/* End PBXBuildFile section */

/* Begin PBXFileReference section */
		516AECAB266F43040082461F /* expandable table view.app */ = {isa = PBXFileReference; explicitFileType = wrapper.application; includeInIndex = 0; path = "expandable table view.app"; sourceTree = BUILT_PRODUCTS_DIR; };
		516AECAE266F43040082461F /* AppDelegate.swift */ = {isa = PBXFileReference; lastKnownFileType = sourcecode.swift; path = AppDelegate.swift; sourceTree = "<group>"; };
		516AECB0266F43040082461F /* SceneDelegate.swift */ = {isa = PBXFileReference; lastKnownFileType = sourcecode.swift; path = SceneDelegate.swift; sourceTree = "<group>"; };
		516AECB2266F43040082461F /* ViewController.swift */ = {isa = PBXFileReference; lastKnownFileType = sourcecode.swift; path = ViewController.swift; sourceTree = "<group>"; };
		516AECB5266F43040082461F /* Base */ = {isa = PBXFileReference; lastKnownFileType = file.storyboard; name = Base; path = Base.lproj/Main.storyboard; sourceTree = "<group>"; };
		516AECB7266F43050082461F /* Assets.xcassets */ = {isa = PBXFileReference; lastKnownFileType = folder.assetcatalog; path = Assets.xcassets; sourceTree = "<group>"; };
		516AECBA266F43050082461F /* Base */ = {isa = PBXFileReference; lastKnownFileType = file.storyboard; name = Base; path = Base.lproj/LaunchScreen.storyboard; sourceTree = "<group>"; };
		516AECBC266F43050082461F /* Info.plist */ = {isa = PBXFileReference; lastKnownFileType = text.plist.xml; path = Info.plist; sourceTree = "<group>"; };
		516AECC2266F45310082461F /* HeaderTableViewCell.swift */ = {isa = PBXFileReference; lastKnownFileType = sourcecode.swift; path = HeaderTableViewCell.swift; sourceTree = "<group>"; };
		516AECC4266F45400082461F /* SubTableViewCell.swift */ = {isa = PBXFileReference; lastKnownFileType = sourcecode.swift; path = SubTableViewCell.swift; sourceTree = "<group>"; };
/* End PBXFileReference section */

/* Begin PBXFrameworksBuildPhase section */
		516AECA8266F43040082461F /* Frameworks */ = {
			isa = PBXFrameworksBuildPhase;
			buildActionMask = 2147483647;
			files = (
			);
			runOnlyForDeploymentPostprocessing = 0;
		};
/* End PBXFrameworksBuildPhase section */

/* Begin PBXGroup section */
		516AECA2266F43040082461F = {
			isa = PBXGroup;
			children = (
				516AECAD266F43040082461F /* expandable table view */,
				516AECAC266F43040082461F /* Products */,
			);
			sourceTree = "<group>";
		};
		516AECAC266F43040082461F /* Products */ = {
			isa = PBXGroup;
			children = (
				516AECAB266F43040082461F /* expandable table view.app */,
			);
			name = Products;
			sourceTree = "<group>";
		};
		516AECAD266F43040082461F /* expandable table view */ = {
			isa = PBXGroup;
			children = (
				516AECAE266F43040082461F /* AppDelegate.swift */,
				516AECB0266F43040082461F /* SceneDelegate.swift */,
				516AECB2266F43040082461F /* ViewController.swift */,
				516AECB4266F43040082461F /* Main.storyboard */,
				516AECB7266F43050082461F /* Assets.xcassets */,
				516AECB9266F43050082461F /* LaunchScreen.storyboard */,
				516AECBC266F43050082461F /* Info.plist */,
				516AECC2266F45310082461F /* HeaderTableViewCell.swift */,
				516AECC4266F45400082461F /* SubTableViewCell.swift */,
			);
			path = "expandable table view";
			sourceTree = "<group>";
		};
/* End PBXGroup section */

/* Begin PBXNativeTarget section */
		516AECAA266F43040082461F /* expandable table view */ = {
			isa = PBXNativeTarget;
			buildConfigurationList = 516AECBF266F43050082461F /* Build configuration list for PBXNativeTarget "expandable table view" */;
			buildPhases = (
				516AECA7266F43040082461F /* Sources */,
				516AECA8266F43040082461F /* Frameworks */,
				516AECA9266F43040082461F /* Resources */,
			);
			buildRules = (
			);
			dependencies = (
			);
			name = "expandable table view";
			productName = "expandable table view";
			productReference = 516AECAB266F43040082461F /* expandable table view.app */;
			productType = "com.apple.product-type.application";
		};
/* End PBXNativeTarget section */

/* Begin PBXProject section */
		516AECA3266F43040082461F /* Project object */ = {
			isa = PBXProject;
			attributes = {
				LastSwiftUpdateCheck = 1250;
				LastUpgradeCheck = 1250;
				TargetAttributes = {
					516AECAA266F43040082461F = {
						CreatedOnToolsVersion = 12.5;
					};
				};
			};
			buildConfigurationList = 516AECA6266F43040082461F /* Build configuration list for PBXProject "expandable table view" */;
			compatibilityVersion = "Xcode 9.3";
			developmentRegion = en;
			hasScannedForEncodings = 0;
			knownRegions = (
				en,
				Base,
			);
			mainGroup = 516AECA2266F43040082461F;
			productRefGroup = 516AECAC266F43040082461F /* Products */;
			projectDirPath = "";
			projectRoot = "";
			targets = (
				516AECAA266F43040082461F /* expandable table view */,
			);
		};
/* End PBXProject section */

/* Begin PBXResourcesBuildPhase section */
		516AECA9266F43040082461F /* Resources */ = {
			isa = PBXResourcesBuildPhase;
			buildActionMask = 2147483647;
			files = (
				516AECBB266F43050082461F /* LaunchScreen.storyboard in Resources */,
				516AECB8266F43050082461F /* Assets.xcassets in Resources */,
				516AECB6266F43040082461F /* Main.storyboard in Resources */,
			);
			runOnlyForDeploymentPostprocessing = 0;
		};
/* End PBXResourcesBuildPhase section */

/* Begin PBXSourcesBuildPhase section */
		516AECA7266F43040082461F /* Sources */ = {
			isa = PBXSourcesBuildPhase;
			buildActionMask = 2147483647;
			files = (
				516AECC3266F45310082461F /* HeaderTableViewCell.swift in Sources */,
				516AECB3266F43040082461F /* ViewController.swift in Sources */,
				516AECAF266F43040082461F /* AppDelegate.swift in Sources */,
				516AECC5266F45400082461F /* SubTableViewCell.swift in Sources */,
				516AECB1266F43040082461F /* SceneDelegate.swift in Sources */,
			);
			runOnlyForDeploymentPostprocessing = 0;
		};
/* End PBXSourcesBuildPhase section */

/* Begin PBXVariantGroup section */
		516AECB4266F43040082461F /* Main.storyboard */ = {
			isa = PBXVariantGroup;
			children = (
				516AECB5266F43040082461F /* Base */,
			);
			name = Main.storyboard;
			sourceTree = "<group>";
		};
		516AECB9266F43050082461F /* LaunchScreen.storyboard */ = {
			isa = PBXVariantGroup;
			children = (
				516AECBA266F43050082461F /* Base */,
			);
			name = LaunchScreen.storyboard;
			sourceTree = "<group>";
		};
/* End PBXVariantGroup section */

/* Begin XCBuildConfiguration section */
		516AECBD266F43050082461F /* Debug */ = {
			isa = XCBuildConfiguration;
			buildSettings = {
				ALWAYS_SEARCH_USER_PATHS = NO;
				CLANG_ANALYZER_NONNULL = YES;
				CLANG_ANALYZER_NUMBER_OBJECT_CONVERSION = YES_AGGRESSIVE;
				CLANG_CXX_LANGUAGE_STANDARD = "gnu++14";
				CLANG_CXX_LIBRARY = "libc++";
				CLANG_ENABLE_MODULES = YES;
				CLANG_ENABLE_OBJC_ARC = YES;
				CLANG_ENABLE_OBJC_WEAK = YES;
				CLANG_WARN_BLOCK_CAPTURE_AUTORELEASING = YES;
				CLANG_WARN_BOOL_CONVERSION = YES;
				CLANG_WARN_COMMA = YES;
				CLANG_WARN_CONSTANT_CONVERSION = YES;
				CLANG_WARN_DEPRECATED_OBJC_IMPLEMENTATIONS = YES;
				CLANG_WARN_DIRECT_OBJC_ISA_USAGE = YES_ERROR;
				CLANG_WARN_DOCUMENTATION_COMMENTS = YES;
				CLANG_WARN_EMPTY_BODY = YES;
				CLANG_WARN_ENUM_CONVERSION = YES;
				CLANG_WARN_INFINITE_RECURSION = YES;
				CLANG_WARN_INT_CONVERSION = YES;
				CLANG_WARN_NON_LITERAL_NULL_CONVERSION = YES;
				CLANG_WARN_OBJC_IMPLICIT_RETAIN_SELF = YES;
				CLANG_WARN_OBJC_LITERAL_CONVERSION = YES;
				CLANG_WARN_OBJC_ROOT_CLASS = YES_ERROR;
				CLANG_WARN_QUOTED_INCLUDE_IN_FRAMEWORK_HEADER = YES;
				CLANG_WARN_RANGE_LOOP_ANALYSIS = YES;
				CLANG_WARN_STRICT_PROTOTYPES = YES;
				CLANG_WARN_SUSPICIOUS_MOVE = YES;
				CLANG_WARN_UNGUARDED_AVAILABILITY = YES_AGGRESSIVE;
				CLANG_WARN_UNREACHABLE_CODE = YES;
				CLANG_WARN__DUPLICATE_METHOD_MATCH = YES;
				COPY_PHASE_STRIP = NO;
				DEBUG_INFORMATION_FORMAT = dwarf;
				ENABLE_STRICT_OBJC_MSGSEND = YES;
				ENABLE_TESTABILITY = YES;
				GCC_C_LANGUAGE_STANDARD = gnu11;
				GCC_DYNAMIC_NO_PIC = NO;
				GCC_NO_COMMON_BLOCKS = YES;
				GCC_OPTIMIZATION_LEVEL = 0;
				GCC_PREPROCESSOR_DEFINITIONS = (
					"DEBUG=1",
					"$(inherited)",
				);
				GCC_WARN_64_TO_32_BIT_CONVERSION = YES;
				GCC_WARN_ABOUT_RETURN_TYPE = YES_ERROR;
				GCC_WARN_UNDECLARED_SELECTOR = YES;
				GCC_WARN_UNINITIALIZED_AUTOS = YES_AGGRESSIVE;
				GCC_WARN_UNUSED_FUNCTION = YES;
				GCC_WARN_UNUSED_VARIABLE = YES;
				IPHONEOS_DEPLOYMENT_TARGET = 14.5;
				MTL_ENABLE_DEBUG_INFO = INCLUDE_SOURCE;
				MTL_FAST_MATH = YES;
				ONLY_ACTIVE_ARCH = YES;
				SDKROOT = iphoneos;
				SWIFT_ACTIVE_COMPILATION_CONDITIONS = DEBUG;
				SWIFT_OPTIMIZATION_LEVEL = "-Onone";
			};
			name = Debug;
		};
		516AECBE266F43050082461F /* Release */ = {
			isa = XCBuildConfiguration;
			buildSettings = {
				ALWAYS_SEARCH_USER_PATHS = NO;
				CLANG_ANALYZER_NONNULL = YES;
				CLANG_ANALYZER_NUMBER_OBJECT_CONVERSION = YES_AGGRESSIVE;
				CLANG_CXX_LANGUAGE_STANDARD = "gnu++14";
				CLANG_CXX_LIBRARY = "libc++";
				CLANG_ENABLE_MODULES = YES;
				CLANG_ENABLE_OBJC_ARC = YES;
				CLANG_ENABLE_OBJC_WEAK = YES;
				CLANG_WARN_BLOCK_CAPTURE_AUTORELEASING = YES;
				CLANG_WARN_BOOL_CONVERSION = YES;
				CLANG_WARN_COMMA = YES;
				CLANG_WARN_CONSTANT_CONVERSION = YES;
				CLANG_WARN_DEPRECATED_OBJC_IMPLEMENTATIONS = YES;
				CLANG_WARN_DIRECT_OBJC_ISA_USAGE = YES_ERROR;
				CLANG_WARN_DOCUMENTATION_COMMENTS = YES;
				CLANG_WARN_EMPTY_BODY = YES;
				CLANG_WARN_ENUM_CONVERSION = YES;
				CLANG_WARN_INFINITE_RECURSION = YES;
				CLANG_WARN_INT_CONVERSION = YES;
				CLANG_WARN_NON_LITERAL_NULL_CONVERSION = YES;
				CLANG_WARN_OBJC_IMPLICIT_RETAIN_SELF = YES;
				CLANG_WARN_OBJC_LITERAL_CONVERSION = YES;
				CLANG_WARN_OBJC_ROOT_CLASS = YES_ERROR;
				CLANG_WARN_QUOTED_INCLUDE_IN_FRAMEWORK_HEADER = YES;
				CLANG_WARN_RANGE_LOOP_ANALYSIS = YES;
				CLANG_WARN_STRICT_PROTOTYPES = YES;
				CLANG_WARN_SUSPICIOUS_MOVE = YES;
				CLANG_WARN_UNGUARDED_AVAILABILITY = YES_AGGRESSIVE;
				CLANG_WARN_UNREACHABLE_CODE = YES;
				CLANG_WARN__DUPLICATE_METHOD_MATCH = YES;
				COPY_PHASE_STRIP = NO;
				DEBUG_INFORMATION_FORMAT = "dwarf-with-dsym";
				ENABLE_NS_ASSERTIONS = NO;
				ENABLE_STRICT_OBJC_MSGSEND = YES;
				GCC_C_LANGUAGE_STANDARD = gnu11;
				GCC_NO_COMMON_BLOCKS = YES;
				GCC_WARN_64_TO_32_BIT_CONVERSION = YES;
				GCC_WARN_ABOUT_RETURN_TYPE = YES_ERROR;
				GCC_WARN_UNDECLARED_SELECTOR = YES;
				GCC_WARN_UNINITIALIZED_AUTOS = YES_AGGRESSIVE;
				GCC_WARN_UNUSED_FUNCTION = YES;
				GCC_WARN_UNUSED_VARIABLE = YES;
				IPHONEOS_DEPLOYMENT_TARGET = 14.5;
				MTL_ENABLE_DEBUG_INFO = NO;
				MTL_FAST_MATH = YES;
				SDKROOT = iphoneos;
				SWIFT_COMPILATION_MODE = wholemodule;
				SWIFT_OPTIMIZATION_LEVEL = "-O";
				VALIDATE_PRODUCT = YES;
			};
			name = Release;
		};
		516AECC0266F43050082461F /* Debug */ = {
			isa = XCBuildConfiguration;
			buildSettings = {
				ASSETCATALOG_COMPILER_APPICON_NAME = AppIcon;
				ASSETCATALOG_COMPILER_GLOBAL_ACCENT_COLOR_NAME = AccentColor;
				CODE_SIGN_STYLE = Automatic;
				DEVELOPMENT_TEAM = G965XZWQY5;
				INFOPLIST_FILE = "expandable table view/Info.plist";
				IPHONEOS_DEPLOYMENT_TARGET = 14.1;
				LD_RUNPATH_SEARCH_PATHS = (
					"$(inherited)",
					"@executable_path/Frameworks",
				);
				PRODUCT_BUNDLE_IDENTIFIER = "com.lynxart.expandable-table-view";
				PRODUCT_NAME = "$(TARGET_NAME)";
				SWIFT_VERSION = 5.0;
				TARGETED_DEVICE_FAMILY = "1,2";
			};
			name = Debug;
		};
		516AECC1266F43050082461F /* Release */ = {
			isa = XCBuildConfiguration;
			buildSettings = {
				ASSETCATALOG_COMPILER_APPICON_NAME = AppIcon;
				ASSETCATALOG_COMPILER_GLOBAL_ACCENT_COLOR_NAME = AccentColor;
				CODE_SIGN_STYLE = Automatic;
				DEVELOPMENT_TEAM = G965XZWQY5;
				INFOPLIST_FILE = "expandable table view/Info.plist";
				IPHONEOS_DEPLOYMENT_TARGET = 14.1;
				LD_RUNPATH_SEARCH_PATHS = (
					"$(inherited)",
					"@executable_path/Frameworks",
				);
				PRODUCT_BUNDLE_IDENTIFIER = "com.lynxart.expandable-table-view";
				PRODUCT_NAME = "$(TARGET_NAME)";
				SWIFT_VERSION = 5.0;
				TARGETED_DEVICE_FAMILY = "1,2";
			};
			name = Release;
		};
/* End XCBuildConfiguration section */

/* Begin XCConfigurationList section */
		516AECA6266F43040082461F /* Build configuration list for PBXProject "expandable table view" */ = {
			isa = XCConfigurationList;
			buildConfigurations = (
				516AECBD266F43050082461F /* Debug */,
				516AECBE266F43050082461F /* Release */,
			);
			defaultConfigurationIsVisible = 0;
			defaultConfigurationName = Release;
		};
		516AECBF266F43050082461F /* Build configuration list for PBXNativeTarget "expandable table view" */ = {
			isa = XCConfigurationList;
			buildConfigurations = (
				516AECC0266F43050082461F /* Debug */,
				516AECC1266F43050082461F /* Release */,
			);
			defaultConfigurationIsVisible = 0;
			defaultConfigurationName = Release;
		};
/* End XCConfigurationList section */
	};
	rootObject = 516AECA3266F43040082461F /* Project object */;
}
